
Microsoft Visual Studio Solution File, Format Version 12.00
# Visual Studio Version 17
VisualStudioVersion = 17.1.32228.430
MinimumVisualStudioVersion = 10.0.40219.1
Project("{2150E333-8FDC-42A3-9474-1A3956D46DE8}") = "CMakePredefinedTargets", "CMakePredefinedTargets", "{DD503842-DF02-30FA-95E0-2A075A32789F}"
	ProjectSection(SolutionItems) = preProject
		Map.tmx = Map.tmx
	EndProjectSection
EndProject
Project("{2150E333-8FDC-42A3-9474-1A3956D46DE8}") = "External", "External", "{5DFEE36F-FFE4-34A6-92B8-2ABE34551470}"
EndProject
Project("{2150E333-8FDC-42A3-9474-1A3956D46DE8}") = "Internal", "Internal", "{B0C78414-7B11-3E2F-9407-DD631C066121}"
EndProject
Project("{2150E333-8FDC-42A3-9474-1A3956D46DE8}") = "Utils", "Utils", "{271161C1-95A9-3B20-B0D6-8A8961278C7A}"
EndProject
Project("{8BC9CEB8-8B4A-11D0-8D11-00A0C91BC942}") = "ALL_BUILD", "ALL_BUILD.vcxproj", "{9C769DB5-9336-3FEB-B5C6-AAB3F03E054E}"
	ProjectSection(ProjectDependencies) = postProject
		{D13FC6E7-6EBE-3716-97B1-48E99A144D20} = {D13FC6E7-6EBE-3716-97B1-48E99A144D20}
		{1F1CEF1E-D72A-3DAB-BEBC-AD72EA2A82F3} = {1F1CEF1E-D72A-3DAB-BEBC-AD72EA2A82F3}
		{0F91FDDD-7A00-3CD9-8081-A7F1B7370104} = {0F91FDDD-7A00-3CD9-8081-A7F1B7370104}
		{04E3FBC9-3B04-37EF-A661-9757200A8AEA} = {04E3FBC9-3B04-37EF-A661-9757200A8AEA}
		{7DA78C5E-4426-3A32-A1B4-B6C5FFE56CDD} = {7DA78C5E-4426-3A32-A1B4-B6C5FFE56CDD}
		{441FFB34-37EC-369F-925F-41D17A29FAC7} = {441FFB34-37EC-369F-925F-41D17A29FAC7}
		{3291346D-EA71-3411-832F-05740F32EAF5} = {3291346D-EA71-3411-832F-05740F32EAF5}
		{8F0A8943-4A17-393A-9195-F8BD46E86C46} = {8F0A8943-4A17-393A-9195-F8BD46E86C46}
		{9D3F498F-C01D-342B-B4D4-A190ECE9CF0E} = {9D3F498F-C01D-342B-B4D4-A190ECE9CF0E}
		{DC5B743D-447D-32B6-88C6-A3C976732AAD} = {DC5B743D-447D-32B6-88C6-A3C976732AAD}
		{43760934-0C0C-3A7D-95B7-3574A6AFC439} = {43760934-0C0C-3A7D-95B7-3574A6AFC439}
		{9C0F5A26-B53B-3136-A50C-6457E24A7588} = {9C0F5A26-B53B-3136-A50C-6457E24A7588}
		{532D04C5-DD26-3F07-A759-C1D836EB0F38} = {532D04C5-DD26-3F07-A759-C1D836EB0F38}
		{C67C6437-8B29-349E-A1C4-4E47144C57F7} = {C67C6437-8B29-349E-A1C4-4E47144C57F7}
		{7029ED86-82B1-3156-B7C7-E142E78F3856} = {7029ED86-82B1-3156-B7C7-E142E78F3856}
	EndProjectSection
EndProject
Project("{8BC9CEB8-8B4A-11D0-8D11-00A0C91BC942}") = "SYNC_RESOURCE-gc-project6", "SYNC_RESOURCE-gc-project6.vcxproj", "{D13FC6E7-6EBE-3716-97B1-48E99A144D20}"
	ProjectSection(ProjectDependencies) = postProject
		{1F1CEF1E-D72A-3DAB-BEBC-AD72EA2A82F3} = {1F1CEF1E-D72A-3DAB-BEBC-AD72EA2A82F3}
	EndProjectSection
EndProject
Project("{8BC9CEB8-8B4A-11D0-8D11-00A0C91BC942}") = "ZERO_CHECK", "ZERO_CHECK.vcxproj", "{1F1CEF1E-D72A-3DAB-BEBC-AD72EA2A82F3}"
EndProject
Project("{8BC9CEB8-8B4A-11D0-8D11-00A0C91BC942}") = "cocos2d", "engine\cocos\core\cocos2d.vcxproj", "{0F91FDDD-7A00-3CD9-8081-A7F1B7370104}"
	ProjectSection(ProjectDependencies) = postProject
		{1F1CEF1E-D72A-3DAB-BEBC-AD72EA2A82F3} = {1F1CEF1E-D72A-3DAB-BEBC-AD72EA2A82F3}
		{04E3FBC9-3B04-37EF-A661-9757200A8AEA} = {04E3FBC9-3B04-37EF-A661-9757200A8AEA}
		{7DA78C5E-4426-3A32-A1B4-B6C5FFE56CDD} = {7DA78C5E-4426-3A32-A1B4-B6C5FFE56CDD}
		{441FFB34-37EC-369F-925F-41D17A29FAC7} = {441FFB34-37EC-369F-925F-41D17A29FAC7}
		{3291346D-EA71-3411-832F-05740F32EAF5} = {3291346D-EA71-3411-832F-05740F32EAF5}
		{8F0A8943-4A17-393A-9195-F8BD46E86C46} = {8F0A8943-4A17-393A-9195-F8BD46E86C46}
		{9D3F498F-C01D-342B-B4D4-A190ECE9CF0E} = {9D3F498F-C01D-342B-B4D4-A190ECE9CF0E}
		{DC5B743D-447D-32B6-88C6-A3C976732AAD} = {DC5B743D-447D-32B6-88C6-A3C976732AAD}
		{43760934-0C0C-3A7D-95B7-3574A6AFC439} = {43760934-0C0C-3A7D-95B7-3574A6AFC439}
		{9C0F5A26-B53B-3136-A50C-6457E24A7588} = {9C0F5A26-B53B-3136-A50C-6457E24A7588}
		{532D04C5-DD26-3F07-A759-C1D836EB0F38} = {532D04C5-DD26-3F07-A759-C1D836EB0F38}
		{C67C6437-8B29-349E-A1C4-4E47144C57F7} = {C67C6437-8B29-349E-A1C4-4E47144C57F7}
	EndProjectSection
EndProject
Project("{8BC9CEB8-8B4A-11D0-8D11-00A0C91BC942}") = "ext_clipper", "engine\external\clipper\ext_clipper.vcxproj", "{04E3FBC9-3B04-37EF-A661-9757200A8AEA}"
	ProjectSection(ProjectDependencies) = postProject
		{1F1CEF1E-D72A-3DAB-BEBC-AD72EA2A82F3} = {1F1CEF1E-D72A-3DAB-BEBC-AD72EA2A82F3}
	EndProjectSection
EndProject
Project("{8BC9CEB8-8B4A-11D0-8D11-00A0C91BC942}") = "ext_convertUTF", "engine\external\ConvertUTF\ext_convertUTF.vcxproj", "{7DA78C5E-4426-3A32-A1B4-B6C5FFE56CDD}"
	ProjectSection(ProjectDependencies) = postProject
		{1F1CEF1E-D72A-3DAB-BEBC-AD72EA2A82F3} = {1F1CEF1E-D72A-3DAB-BEBC-AD72EA2A82F3}
	EndProjectSection
EndProject
Project("{8BC9CEB8-8B4A-11D0-8D11-00A0C91BC942}") = "ext_edtaa3func", "engine\external\edtaa3func\ext_edtaa3func.vcxproj", "{441FFB34-37EC-369F-925F-41D17A29FAC7}"
	ProjectSection(ProjectDependencies) = postProject
		{1F1CEF1E-D72A-3DAB-BEBC-AD72EA2A82F3} = {1F1CEF1E-D72A-3DAB-BEBC-AD72EA2A82F3}
	EndProjectSection
EndProject
Project("{8BC9CEB8-8B4A-11D0-8D11-00A0C91BC942}") = "ext_md5", "engine\external\md5\ext_md5.vcxproj", "{3291346D-EA71-3411-832F-05740F32EAF5}"
	ProjectSection(ProjectDependencies) = postProject
		{1F1CEF1E-D72A-3DAB-BEBC-AD72EA2A82F3} = {1F1CEF1E-D72A-3DAB-BEBC-AD72EA2A82F3}
	EndProjectSection
EndProject
Project("{8BC9CEB8-8B4A-11D0-8D11-00A0C91BC942}") = "ext_poly2tri", "engine\external\poly2tri\ext_poly2tri.vcxproj", "{8F0A8943-4A17-393A-9195-F8BD46E86C46}"
	ProjectSection(ProjectDependencies) = postProject
		{1F1CEF1E-D72A-3DAB-BEBC-AD72EA2A82F3} = {1F1CEF1E-D72A-3DAB-BEBC-AD72EA2A82F3}
	EndProjectSection
EndProject
Project("{8BC9CEB8-8B4A-11D0-8D11-00A0C91BC942}") = "ext_recast", "engine\external\recast\ext_recast.vcxproj", "{9D3F498F-C01D-342B-B4D4-A190ECE9CF0E}"
	ProjectSection(ProjectDependencies) = postProject
		{1F1CEF1E-D72A-3DAB-BEBC-AD72EA2A82F3} = {1F1CEF1E-D72A-3DAB-BEBC-AD72EA2A82F3}
	EndProjectSection
EndProject
Project("{8BC9CEB8-8B4A-11D0-8D11-00A0C91BC942}") = "ext_tinyxml2", "engine\external\tinyxml2\ext_tinyxml2.vcxproj", "{DC5B743D-447D-32B6-88C6-A3C976732AAD}"
	ProjectSection(ProjectDependencies) = postProject
		{1F1CEF1E-D72A-3DAB-BEBC-AD72EA2A82F3} = {1F1CEF1E-D72A-3DAB-BEBC-AD72EA2A82F3}
	EndProjectSection
EndProject
Project("{8BC9CEB8-8B4A-11D0-8D11-00A0C91BC942}") = "ext_unzip", "engine\external\unzip\ext_unzip.vcxproj", "{43760934-0C0C-3A7D-95B7-3574A6AFC439}"
	ProjectSection(ProjectDependencies) = postProject
		{1F1CEF1E-D72A-3DAB-BEBC-AD72EA2A82F3} = {1F1CEF1E-D72A-3DAB-BEBC-AD72EA2A82F3}
	EndProjectSection
EndProject
Project("{8BC9CEB8-8B4A-11D0-8D11-00A0C91BC942}") = "ext_xxhash", "engine\external\xxhash\ext_xxhash.vcxproj", "{9C0F5A26-B53B-3136-A50C-6457E24A7588}"
	ProjectSection(ProjectDependencies) = postProject
		{1F1CEF1E-D72A-3DAB-BEBC-AD72EA2A82F3} = {1F1CEF1E-D72A-3DAB-BEBC-AD72EA2A82F3}
	EndProjectSection
EndProject
Project("{8BC9CEB8-8B4A-11D0-8D11-00A0C91BC942}") = "ext_xxtea", "engine\external\xxtea\ext_xxtea.vcxproj", "{532D04C5-DD26-3F07-A759-C1D836EB0F38}"
	ProjectSection(ProjectDependencies) = postProject
		{1F1CEF1E-D72A-3DAB-BEBC-AD72EA2A82F3} = {1F1CEF1E-D72A-3DAB-BEBC-AD72EA2A82F3}
	EndProjectSection
EndProject
Project("{8BC9CEB8-8B4A-11D0-8D11-00A0C91BC942}") = "external", "engine\external\external.vcxproj", "{C67C6437-8B29-349E-A1C4-4E47144C57F7}"
	ProjectSection(ProjectDependencies) = postProject
		{1F1CEF1E-D72A-3DAB-BEBC-AD72EA2A82F3} = {1F1CEF1E-D72A-3DAB-BEBC-AD72EA2A82F3}
		{04E3FBC9-3B04-37EF-A661-9757200A8AEA} = {04E3FBC9-3B04-37EF-A661-9757200A8AEA}
		{7DA78C5E-4426-3A32-A1B4-B6C5FFE56CDD} = {7DA78C5E-4426-3A32-A1B4-B6C5FFE56CDD}
		{441FFB34-37EC-369F-925F-41D17A29FAC7} = {441FFB34-37EC-369F-925F-41D17A29FAC7}
		{3291346D-EA71-3411-832F-05740F32EAF5} = {3291346D-EA71-3411-832F-05740F32EAF5}
		{8F0A8943-4A17-393A-9195-F8BD46E86C46} = {8F0A8943-4A17-393A-9195-F8BD46E86C46}
		{9D3F498F-C01D-342B-B4D4-A190ECE9CF0E} = {9D3F498F-C01D-342B-B4D4-A190ECE9CF0E}
		{DC5B743D-447D-32B6-88C6-A3C976732AAD} = {DC5B743D-447D-32B6-88C6-A3C976732AAD}
		{43760934-0C0C-3A7D-95B7-3574A6AFC439} = {43760934-0C0C-3A7D-95B7-3574A6AFC439}
		{9C0F5A26-B53B-3136-A50C-6457E24A7588} = {9C0F5A26-B53B-3136-A50C-6457E24A7588}
		{532D04C5-DD26-3F07-A759-C1D836EB0F38} = {532D04C5-DD26-3F07-A759-C1D836EB0F38}
	EndProjectSection
EndProject
Project("{8BC9CEB8-8B4A-11D0-8D11-00A0C91BC942}") = "gc-project6", "gc-project6.vcxproj", "{7029ED86-82B1-3156-B7C7-E142E78F3856}"
	ProjectSection(ProjectDependencies) = postProject
		{D13FC6E7-6EBE-3716-97B1-48E99A144D20} = {D13FC6E7-6EBE-3716-97B1-48E99A144D20}
		{1F1CEF1E-D72A-3DAB-BEBC-AD72EA2A82F3} = {1F1CEF1E-D72A-3DAB-BEBC-AD72EA2A82F3}
		{0F91FDDD-7A00-3CD9-8081-A7F1B7370104} = {0F91FDDD-7A00-3CD9-8081-A7F1B7370104}
		{04E3FBC9-3B04-37EF-A661-9757200A8AEA} = {04E3FBC9-3B04-37EF-A661-9757200A8AEA}
		{7DA78C5E-4426-3A32-A1B4-B6C5FFE56CDD} = {7DA78C5E-4426-3A32-A1B4-B6C5FFE56CDD}
		{441FFB34-37EC-369F-925F-41D17A29FAC7} = {441FFB34-37EC-369F-925F-41D17A29FAC7}
		{3291346D-EA71-3411-832F-05740F32EAF5} = {3291346D-EA71-3411-832F-05740F32EAF5}
		{8F0A8943-4A17-393A-9195-F8BD46E86C46} = {8F0A8943-4A17-393A-9195-F8BD46E86C46}
		{9D3F498F-C01D-342B-B4D4-A190ECE9CF0E} = {9D3F498F-C01D-342B-B4D4-A190ECE9CF0E}
		{DC5B743D-447D-32B6-88C6-A3C976732AAD} = {DC5B743D-447D-32B6-88C6-A3C976732AAD}
		{43760934-0C0C-3A7D-95B7-3574A6AFC439} = {43760934-0C0C-3A7D-95B7-3574A6AFC439}
		{9C0F5A26-B53B-3136-A50C-6457E24A7588} = {9C0F5A26-B53B-3136-A50C-6457E24A7588}
		{532D04C5-DD26-3F07-A759-C1D836EB0F38} = {532D04C5-DD26-3F07-A759-C1D836EB0F38}
		{C67C6437-8B29-349E-A1C4-4E47144C57F7} = {C67C6437-8B29-349E-A1C4-4E47144C57F7}
	EndProjectSection
EndProject
Global
	GlobalSection(SolutionConfigurationPlatforms) = preSolution
		Debug|Win32 = Debug|Win32
		MinSizeRel|Win32 = MinSizeRel|Win32
		Release|Win32 = Release|Win32
		RelWithDebInfo|Win32 = RelWithDebInfo|Win32
	EndGlobalSection
	GlobalSection(ProjectConfigurationPlatforms) = postSolution
		{9C769DB5-9336-3FEB-B5C6-AAB3F03E054E}.Debug|Win32.ActiveCfg = Debug|Win32
		{9C769DB5-9336-3FEB-B5C6-AAB3F03E054E}.MinSizeRel|Win32.ActiveCfg = MinSizeRel|Win32
		{9C769DB5-9336-3FEB-B5C6-AAB3F03E054E}.Release|Win32.ActiveCfg = Release|Win32
		{9C769DB5-9336-3FEB-B5C6-AAB3F03E054E}.RelWithDebInfo|Win32.ActiveCfg = RelWithDebInfo|Win32
		{D13FC6E7-6EBE-3716-97B1-48E99A144D20}.Debug|Win32.ActiveCfg = Debug|Win32
		{D13FC6E7-6EBE-3716-97B1-48E99A144D20}.Debug|Win32.Build.0 = Debug|Win32
		{D13FC6E7-6EBE-3716-97B1-48E99A144D20}.MinSizeRel|Win32.ActiveCfg = MinSizeRel|Win32
		{D13FC6E7-6EBE-3716-97B1-48E99A144D20}.MinSizeRel|Win32.Build.0 = MinSizeRel|Win32
		{D13FC6E7-6EBE-3716-97B1-48E99A144D20}.Release|Win32.ActiveCfg = Release|Win32
		{D13FC6E7-6EBE-3716-97B1-48E99A144D20}.Release|Win32.Build.0 = Release|Win32
		{D13FC6E7-6EBE-3716-97B1-48E99A144D20}.RelWithDebInfo|Win32.ActiveCfg = RelWithDebInfo|Win32
		{D13FC6E7-6EBE-3716-97B1-48E99A144D20}.RelWithDebInfo|Win32.Build.0 = RelWithDebInfo|Win32
		{1F1CEF1E-D72A-3DAB-BEBC-AD72EA2A82F3}.Debug|Win32.ActiveCfg = Debug|Win32
		{1F1CEF1E-D72A-3DAB-BEBC-AD72EA2A82F3}.Debug|Win32.Build.0 = Debug|Win32
		{1F1CEF1E-D72A-3DAB-BEBC-AD72EA2A82F3}.MinSizeRel|Win32.ActiveCfg = MinSizeRel|Win32
		{1F1CEF1E-D72A-3DAB-BEBC-AD72EA2A82F3}.MinSizeRel|Win32.Build.0 = MinSizeRel|Win32
		{1F1CEF1E-D72A-3DAB-BEBC-AD72EA2A82F3}.Release|Win32.ActiveCfg = Release|Win32
		{1F1CEF1E-D72A-3DAB-BEBC-AD72EA2A82F3}.Release|Win32.Build.0 = Release|Win32
		{1F1CEF1E-D72A-3DAB-BEBC-AD72EA2A82F3}.RelWithDebInfo|Win32.ActiveCfg = RelWithDebInfo|Win32
		{1F1CEF1E-D72A-3DAB-BEBC-AD72EA2A82F3}.RelWithDebInfo|Win32.Build.0 = RelWithDebInfo|Win32
		{0F91FDDD-7A00-3CD9-8081-A7F1B7370104}.Debug|Win32.ActiveCfg = Debug|Win32
		{0F91FDDD-7A00-3CD9-8081-A7F1B7370104}.Debug|Win32.Build.0 = Debug|Win32
		{0F91FDDD-7A00-3CD9-8081-A7F1B7370104}.MinSizeRel|Win32.ActiveCfg = MinSizeRel|Win32
		{0F91FDDD-7A00-3CD9-8081-A7F1B7370104}.MinSizeRel|Win32.Build.0 = MinSizeRel|Win32
		{0F91FDDD-7A00-3CD9-8081-A7F1B7370104}.Release|Win32.ActiveCfg = Release|Win32
		{0F91FDDD-7A00-3CD9-8081-A7F1B7370104}.Release|Win32.Build.0 = Release|Win32
		{0F91FDDD-7A00-3CD9-8081-A7F1B7370104}.RelWithDebInfo|Win32.ActiveCfg = RelWithDebInfo|Win32
		{0F91FDDD-7A00-3CD9-8081-A7F1B7370104}.RelWithDebInfo|Win32.Build.0 = RelWithDebInfo|Win32
		{04E3FBC9-3B04-37EF-A661-9757200A8AEA}.Debug|Win32.ActiveCfg = Debug|Win32
		{04E3FBC9-3B04-37EF-A661-9757200A8AEA}.Debug|Win32.Build.0 = Debug|Win32
		{04E3FBC9-3B04-37EF-A661-9757200A8AEA}.MinSizeRel|Win32.ActiveCfg = MinSizeRel|Win32
		{04E3FBC9-3B04-37EF-A661-9757200A8AEA}.MinSizeRel|Win32.Build.0 = MinSizeRel|Win32
		{04E3FBC9-3B04-37EF-A661-9757200A8AEA}.Release|Win32.ActiveCfg = Release|Win32
		{04E3FBC9-3B04-37EF-A661-9757200A8AEA}.Release|Win32.Build.0 = Release|Win32
		{04E3FBC9-3B04-37EF-A661-9757200A8AEA}.RelWithDebInfo|Win32.ActiveCfg = RelWithDebInfo|Win32
		{04E3FBC9-3B04-37EF-A661-9757200A8AEA}.RelWithDebInfo|Win32.Build.0 = RelWithDebInfo|Win32
		{7DA78C5E-4426-3A32-A1B4-B6C5FFE56CDD}.Debug|Win32.ActiveCfg = Debug|Win32
		{7DA78C5E-4426-3A32-A1B4-B6C5FFE56CDD}.Debug|Win32.Build.0 = Debug|Win32
		{7DA78C5E-4426-3A32-A1B4-B6C5FFE56CDD}.MinSizeRel|Win32.ActiveCfg = MinSizeRel|Win32
		{7DA78C5E-4426-3A32-A1B4-B6C5FFE56CDD}.MinSizeRel|Win32.Build.0 = MinSizeRel|Win32
		{7DA78C5E-4426-3A32-A1B4-B6C5FFE56CDD}.Release|Win32.ActiveCfg = Release|Win32
		{7DA78C5E-4426-3A32-A1B4-B6C5FFE56CDD}.Release|Win32.Build.0 = Release|Win32
		{7DA78C5E-4426-3A32-A1B4-B6C5FFE56CDD}.RelWithDebInfo|Win32.ActiveCfg = RelWithDebInfo|Win32
		{7DA78C5E-4426-3A32-A1B4-B6C5FFE56CDD}.RelWithDebInfo|Win32.Build.0 = RelWithDebInfo|Win32
		{441FFB34-37EC-369F-925F-41D17A29FAC7}.Debug|Win32.ActiveCfg = Debug|Win32
		{441FFB34-37EC-369F-925F-41D17A29FAC7}.Debug|Win32.Build.0 = Debug|Win32
		{441FFB34-37EC-369F-925F-41D17A29FAC7}.MinSizeRel|Win32.ActiveCfg = MinSizeRel|Win32
		{441FFB34-37EC-369F-925F-41D17A29FAC7}.MinSizeRel|Win32.Build.0 = MinSizeRel|Win32
		{441FFB34-37EC-369F-925F-41D17A29FAC7}.Release|Win32.ActiveCfg = Release|Win32
		{441FFB34-37EC-369F-925F-41D17A29FAC7}.Release|Win32.Build.0 = Release|Win32
		{441FFB34-37EC-369F-925F-41D17A29FAC7}.RelWithDebInfo|Win32.ActiveCfg = RelWithDebInfo|Win32
		{441FFB34-37EC-369F-925F-41D17A29FAC7}.RelWithDebInfo|Win32.Build.0 = RelWithDebInfo|Win32
		{3291346D-EA71-3411-832F-05740F32EAF5}.Debug|Win32.ActiveCfg = Debug|Win32
		{3291346D-EA71-3411-832F-05740F32EAF5}.Debug|Win32.Build.0 = Debug|Win32
		{3291346D-EA71-3411-832F-05740F32EAF5}.MinSizeRel|Win32.ActiveCfg = MinSizeRel|Win32
		{3291346D-EA71-3411-832F-05740F32EAF5}.MinSizeRel|Win32.Build.0 = MinSizeRel|Win32
		{3291346D-EA71-3411-832F-05740F32EAF5}.Release|Win32.ActiveCfg = Release|Win32
		{3291346D-EA71-3411-832F-05740F32EAF5}.Release|Win32.Build.0 = Release|Win32
		{3291346D-EA71-3411-832F-05740F32EAF5}.RelWithDebInfo|Win32.ActiveCfg = RelWithDebInfo|Win32
		{3291346D-EA71-3411-832F-05740F32EAF5}.RelWithDebInfo|Win32.Build.0 = RelWithDebInfo|Win32
		{8F0A8943-4A17-393A-9195-F8BD46E86C46}.Debug|Win32.ActiveCfg = Debug|Win32
		{8F0A8943-4A17-393A-9195-F8BD46E86C46}.Debug|Win32.Build.0 = Debug|Win32
		{8F0A8943-4A17-393A-9195-F8BD46E86C46}.MinSizeRel|Win32.ActiveCfg = MinSizeRel|Win32
		{8F0A8943-4A17-393A-9195-F8BD46E86C46}.MinSizeRel|Win32.Build.0 = MinSizeRel|Win32
		{8F0A8943-4A17-393A-9195-F8BD46E86C46}.Release|Win32.ActiveCfg = Release|Win32
		{8F0A8943-4A17-393A-9195-F8BD46E86C46}.Release|Win32.Build.0 = Release|Win32
		{8F0A8943-4A17-393A-9195-F8BD46E86C46}.RelWithDebInfo|Win32.ActiveCfg = RelWithDebInfo|Win32
		{8F0A8943-4A17-393A-9195-F8BD46E86C46}.RelWithDebInfo|Win32.Build.0 = RelWithDebInfo|Win32
		{9D3F498F-C01D-342B-B4D4-A190ECE9CF0E}.Debug|Win32.ActiveCfg = Debug|Win32
		{9D3F498F-C01D-342B-B4D4-A190ECE9CF0E}.Debug|Win32.Build.0 = Debug|Win32
		{9D3F498F-C01D-342B-B4D4-A190ECE9CF0E}.MinSizeRel|Win32.ActiveCfg = MinSizeRel|Win32
		{9D3F498F-C01D-342B-B4D4-A190ECE9CF0E}.MinSizeRel|Win32.Build.0 = MinSizeRel|Win32
		{9D3F498F-C01D-342B-B4D4-A190ECE9CF0E}.Release|Win32.ActiveCfg = Release|Win32
		{9D3F498F-C01D-342B-B4D4-A190ECE9CF0E}.Release|Win32.Build.0 = Release|Win32
		{9D3F498F-C01D-342B-B4D4-A190ECE9CF0E}.RelWithDebInfo|Win32.ActiveCfg = RelWithDebInfo|Win32
		{9D3F498F-C01D-342B-B4D4-A190ECE9CF0E}.RelWithDebInfo|Win32.Build.0 = RelWithDebInfo|Win32
		{DC5B743D-447D-32B6-88C6-A3C976732AAD}.Debug|Win32.ActiveCfg = Debug|Win32
		{DC5B743D-447D-32B6-88C6-A3C976732AAD}.Debug|Win32.Build.0 = Debug|Win32
		{DC5B743D-447D-32B6-88C6-A3C976732AAD}.MinSizeRel|Win32.ActiveCfg = MinSizeRel|Win32
		{DC5B743D-447D-32B6-88C6-A3C976732AAD}.MinSizeRel|Win32.Build.0 = MinSizeRel|Win32
		{DC5B743D-447D-32B6-88C6-A3C976732AAD}.Release|Win32.ActiveCfg = Release|Win32
		{DC5B743D-447D-32B6-88C6-A3C976732AAD}.Release|Win32.Build.0 = Release|Win32
		{DC5B743D-447D-32B6-88C6-A3C976732AAD}.RelWithDebInfo|Win32.ActiveCfg = RelWithDebInfo|Win32
		{DC5B743D-447D-32B6-88C6-A3C976732AAD}.RelWithDebInfo|Win32.Build.0 = RelWithDebInfo|Win32
		{43760934-0C0C-3A7D-95B7-3574A6AFC439}.Debug|Win32.ActiveCfg = Debug|Win32
		{43760934-0C0C-3A7D-95B7-3574A6AFC439}.Debug|Win32.Build.0 = Debug|Win32
		{43760934-0C0C-3A7D-95B7-3574A6AFC439}.MinSizeRel|Win32.ActiveCfg = MinSizeRel|Win32
		{43760934-0C0C-3A7D-95B7-3574A6AFC439}.MinSizeRel|Win32.Build.0 = MinSizeRel|Win32
		{43760934-0C0C-3A7D-95B7-3574A6AFC439}.Release|Win32.ActiveCfg = Release|Win32
		{43760934-0C0C-3A7D-95B7-3574A6AFC439}.Release|Win32.Build.0 = Release|Win32
		{43760934-0C0C-3A7D-95B7-3574A6AFC439}.RelWithDebInfo|Win32.ActiveCfg = RelWithDebInfo|Win32
		{43760934-0C0C-3A7D-95B7-3574A6AFC439}.RelWithDebInfo|Win32.Build.0 = RelWithDebInfo|Win32
		{9C0F5A26-B53B-3136-A50C-6457E24A7588}.Debug|Win32.ActiveCfg = Debug|Win32
		{9C0F5A26-B53B-3136-A50C-6457E24A7588}.Debug|Win32.Build.0 = Debug|Win32
		{9C0F5A26-B53B-3136-A50C-6457E24A7588}.MinSizeRel|Win32.ActiveCfg = MinSizeRel|Win32
		{9C0F5A26-B53B-3136-A50C-6457E24A7588}.MinSizeRel|Win32.Build.0 = MinSizeRel|Win32
		{9C0F5A26-B53B-3136-A50C-6457E24A7588}.Release|Win32.ActiveCfg = Release|Win32
		{9C0F5A26-B53B-3136-A50C-6457E24A7588}.Release|Win32.Build.0 = Release|Win32
		{9C0F5A26-B53B-3136-A50C-6457E24A7588}.RelWithDebInfo|Win32.ActiveCfg = RelWithDebInfo|Win32
		{9C0F5A26-B53B-3136-A50C-6457E24A7588}.RelWithDebInfo|Win32.Build.0 = RelWithDebInfo|Win32
		{532D04C5-DD26-3F07-A759-C1D836EB0F38}.Debug|Win32.ActiveCfg = Debug|Win32
		{532D04C5-DD26-3F07-A759-C1D836EB0F38}.Debug|Win32.Build.0 = Debug|Win32
		{532D04C5-DD26-3F07-A759-C1D836EB0F38}.MinSizeRel|Win32.ActiveCfg = MinSizeRel|Win32
		{532D04C5-DD26-3F07-A759-C1D836EB0F38}.MinSizeRel|Win32.Build.0 = MinSizeRel|Win32
		{532D04C5-DD26-3F07-A759-C1D836EB0F38}.Release|Win32.ActiveCfg = Release|Win32
		{532D04C5-DD26-3F07-A759-C1D836EB0F38}.Release|Win32.Build.0 = Release|Win32
		{532D04C5-DD26-3F07-A759-C1D836EB0F38}.RelWithDebInfo|Win32.ActiveCfg = RelWithDebInfo|Win32
		{532D04C5-DD26-3F07-A759-C1D836EB0F38}.RelWithDebInfo|Win32.Build.0 = RelWithDebInfo|Win32
		{C67C6437-8B29-349E-A1C4-4E47144C57F7}.Debug|Win32.ActiveCfg = Debug|Win32
		{C67C6437-8B29-349E-A1C4-4E47144C57F7}.Debug|Win32.Build.0 = Debug|Win32
		{C67C6437-8B29-349E-A1C4-4E47144C57F7}.MinSizeRel|Win32.ActiveCfg = MinSizeRel|Win32
		{C67C6437-8B29-349E-A1C4-4E47144C57F7}.MinSizeRel|Win32.Build.0 = MinSizeRel|Win32
		{C67C6437-8B29-349E-A1C4-4E47144C57F7}.Release|Win32.ActiveCfg = Release|Win32
		{C67C6437-8B29-349E-A1C4-4E47144C57F7}.Release|Win32.Build.0 = Release|Win32
		{C67C6437-8B29-349E-A1C4-4E47144C57F7}.RelWithDebInfo|Win32.ActiveCfg = RelWithDebInfo|Win32
		{C67C6437-8B29-349E-A1C4-4E47144C57F7}.RelWithDebInfo|Win32.Build.0 = RelWithDebInfo|Win32
		{7029ED86-82B1-3156-B7C7-E142E78F3856}.Debug|Win32.ActiveCfg = Debug|Win32
		{7029ED86-82B1-3156-B7C7-E142E78F3856}.Debug|Win32.Build.0 = Debug|Win32
		{7029ED86-82B1-3156-B7C7-E142E78F3856}.MinSizeRel|Win32.ActiveCfg = MinSizeRel|Win32
		{7029ED86-82B1-3156-B7C7-E142E78F3856}.MinSizeRel|Win32.Build.0 = MinSizeRel|Win32
		{7029ED86-82B1-3156-B7C7-E142E78F3856}.Release|Win32.ActiveCfg = Release|Win32
		{7029ED86-82B1-3156-B7C7-E142E78F3856}.Release|Win32.Build.0 = Release|Win32
		{7029ED86-82B1-3156-B7C7-E142E78F3856}.RelWithDebInfo|Win32.ActiveCfg = RelWithDebInfo|Win32
		{7029ED86-82B1-3156-B7C7-E142E78F3856}.RelWithDebInfo|Win32.Build.0 = RelWithDebInfo|Win32
	EndGlobalSection
	GlobalSection(SolutionProperties) = preSolution
		HideSolutionNode = FALSE
	EndGlobalSection
	GlobalSection(NestedProjects) = preSolution
		{9C769DB5-9336-3FEB-B5C6-AAB3F03E054E} = {DD503842-DF02-30FA-95E0-2A075A32789F}
		{D13FC6E7-6EBE-3716-97B1-48E99A144D20} = {271161C1-95A9-3B20-B0D6-8A8961278C7A}
		{1F1CEF1E-D72A-3DAB-BEBC-AD72EA2A82F3} = {DD503842-DF02-30FA-95E0-2A075A32789F}
		{0F91FDDD-7A00-3CD9-8081-A7F1B7370104} = {B0C78414-7B11-3E2F-9407-DD631C066121}
		{04E3FBC9-3B04-37EF-A661-9757200A8AEA} = {5DFEE36F-FFE4-34A6-92B8-2ABE34551470}
		{7DA78C5E-4426-3A32-A1B4-B6C5FFE56CDD} = {5DFEE36F-FFE4-34A6-92B8-2ABE34551470}
		{441FFB34-37EC-369F-925F-41D17A29FAC7} = {5DFEE36F-FFE4-34A6-92B8-2ABE34551470}
		{3291346D-EA71-3411-832F-05740F32EAF5} = {5DFEE36F-FFE4-34A6-92B8-2ABE34551470}
		{8F0A8943-4A17-393A-9195-F8BD46E86C46} = {5DFEE36F-FFE4-34A6-92B8-2ABE34551470}
		{9D3F498F-C01D-342B-B4D4-A190ECE9CF0E} = {5DFEE36F-FFE4-34A6-92B8-2ABE34551470}
		{DC5B743D-447D-32B6-88C6-A3C976732AAD} = {5DFEE36F-FFE4-34A6-92B8-2ABE34551470}
		{43760934-0C0C-3A7D-95B7-3574A6AFC439} = {5DFEE36F-FFE4-34A6-92B8-2ABE34551470}
		{9C0F5A26-B53B-3136-A50C-6457E24A7588} = {5DFEE36F-FFE4-34A6-92B8-2ABE34551470}
		{532D04C5-DD26-3F07-A759-C1D836EB0F38} = {5DFEE36F-FFE4-34A6-92B8-2ABE34551470}
		{C67C6437-8B29-349E-A1C4-4E47144C57F7} = {5DFEE36F-FFE4-34A6-92B8-2ABE34551470}
	EndGlobalSection
	GlobalSection(ExtensibilityGlobals) = postSolution
		SolutionGuid = {BAE4A65A-2046-3C0D-A020-099353E6BAB4}
	EndGlobalSection
EndGlobal
