<?xml version="1.0" encoding="utf-8"?>
<Project ToolsVersion="17.0" xmlns="http://schemas.microsoft.com/developer/msbuild/2003">
  <ItemGroup>
    <ClCompile Include="Z:\Classes\AppDelegate.cpp">
      <Filter>Source Files\Classes</Filter>
    </ClCompile>
    <ClCompile Include="Z:\Classes\MainMenu.cpp">
      <Filter>Source Files\Classes</Filter>
    </ClCompile>
    <ClCompile Include="Z:\proj.win32\main.cpp">
      <Filter>Source Files\proj.win32</Filter>
    </ClCompile>
    <ClCompile Include="Z:\cocos2d\cocos\precheader.cpp">
      <Filter>Source Files</Filter>
    </ClCompile>
    <ClCompile Include="..\Classes\Game.cpp">
      <Filter>Source Files\Classes</Filter>
    </ClCompile>
    <ClCompile Include="..\Classes\GameOver.cpp">
      <Filter>Source Files\Classes</Filter>
    </ClCompile>
  </ItemGroup>
  <ItemGroup>
    <ClInclude Include="Z:\Classes\AppDelegate.h">
      <Filter>Source Files\Classes</Filter>
    </ClInclude>
    <ClInclude Include="Z:\Classes\MainMenu.h">
      <Filter>Source Files\Classes</Filter>
    </ClInclude>
    <ClInclude Include="Z:\proj.win32\main.h">
      <Filter>Source Files\proj.win32</Filter>
    </ClInclude>
    <ClInclude Include="Z:\proj.win32\resource.h">
      <Filter>Source Files\proj.win32</Filter>
    </ClInclude>
    <ClInclude Include="Z:\Resources\CloseNormal.png">
      <Filter>Resources</Filter>
    </ClInclude>
    <ClInclude Include="Z:\Resources\CloseSelected.png">
      <Filter>Resources</Filter>
    </ClInclude>
    <ClInclude Include="Z:\Resources\HelloWorld.png">
      <Filter>Resources</Filter>
    </ClInclude>
    <ClInclude Include="Z:\Resources\Map.tiled-project">
      <Filter>Resources</Filter>
    </ClInclude>
    <ClInclude Include="Z:\Resources\Map.tiled-session">
      <Filter>Resources</Filter>
    </ClInclude>
    <ClInclude Include="Z:\Resources\Map.tmx">
      <Filter>Resources</Filter>
    </ClInclude>
    <ClInclude Include="Z:\Resources\Map2..tmx">
      <Filter>Resources</Filter>
    </ClInclude>
    <ClInclude Include="Z:\Resources\Map3.tmx">
      <Filter>Resources</Filter>
    </ClInclude>
    <ClInclude Include="Z:\Resources\fond.tsx">
      <Filter>Resources</Filter>
    </ClInclude>
    <ClInclude Include="Z:\Resources\fonts\Marker Felt.ttf">
      <Filter>Resources\fonts</Filter>
    </ClInclude>
    <ClInclude Include="Z:\Resources\fonts\arial.ttf">
      <Filter>Resources\fonts</Filter>
    </ClInclude>
    <ClInclude Include="Z:\Resources\mario.png">
      <Filter>Resources</Filter>
    </ClInclude>
    <ClInclude Include="Z:\Resources\mario.tsx">
      <Filter>Resources</Filter>
    </ClInclude>
    <ClInclude Include="Z:\Resources\new.tsx">
      <Filter>Resources</Filter>
    </ClInclude>
    <ClInclude Include="Z:\Resources\res\.gitkeep">
      <Filter>Resources\res</Filter>
    </ClInclude>
    <ClInclude Include="Z:\Resources\uvector-platformer-tileset-desert-2.jpg">
      <Filter>Resources</Filter>
    </ClInclude>
    <ClInclude Include="..\Classes\Game.h">
      <Filter>Source Files\Classes</Filter>
    </ClInclude>
    <ClInclude Include="..\Classes\GameOver.h">
      <Filter>Source Files\Classes</Filter>
    </ClInclude>
  </ItemGroup>
  <ItemGroup>
    <CustomBuild Include="Z:\CMakeLists.txt" />
  </ItemGroup>
  <ItemGroup>
    <ResourceCompile Include="Z:\proj.win32\game.rc">
      <Filter>Source Files\proj.win32</Filter>
    </ResourceCompile>
  </ItemGroup>
  <ItemGroup>
    <Filter Include="Resources">
      <UniqueIdentifier>{0F02AE87-2578-35AC-A22A-34FC5F1AC037}</UniqueIdentifier>
    </Filter>
    <Filter Include="Resources\fonts">
      <UniqueIdentifier>{9292D9F9-BDA1-34BD-8665-118EC9B7618D}</UniqueIdentifier>
    </Filter>
    <Filter Include="Resources\res">
      <UniqueIdentifier>{D4499A52-FD14-3AC4-8E21-9BF50CD2A67C}</UniqueIdentifier>
    </Filter>
    <Filter Include="Source Files">
      <UniqueIdentifier>{5F2B8C0C-DC21-3A24-A7F5-F63DD80F8DD8}</UniqueIdentifier>
    </Filter>
    <Filter Include="Source Files\Classes">
      <UniqueIdentifier>{A42F2D33-BCA4-3C5C-848C-D7A5BAFB006B}</UniqueIdentifier>
    </Filter>
    <Filter Include="Source Files\proj.win32">
      <UniqueIdentifier>{498D24FA-EC46-3AEC-A62A-05BAE5BB0E68}</UniqueIdentifier>
    </Filter>
  </ItemGroup>
</Project>